{
  "name": "mfe1",
  "lockfileVersion": 3,
  "requires": true,
  "packages": {
    "": {
      "dependencies": {
        "useless-lib": "^3.0.0"
      }
    },
    "node_modules/useless-lib": {
      "version": "3.0.0",
      "resolved": "https://registry.npmjs.org/useless-lib/-/useless-lib-3.0.0.tgz",
      "integrity": "sha512-rmy0U5jF1Nsq3NQWVSjB/hM7NSvdwlKbxk39cIyTp+4yoE1gychkMMOb1A4+IaEakczwWWeRNSfatDfH6tTAeg=="
    }
  }
}
